
Microsoft Visual Studio Solution File, Format Version 12.00
# Visual Studio Version 16
VisualStudioVersion = 16.0.29709.97
MinimumVisualStudioVersion = 10.0.40219.1
Project("{9A19103F-16F7-4668-BE54-9A1E7A4F7556}") = "api", "api\api.csproj", "{43CD49D0-8BD5-4A21-BA17-2EF7233768BE}"
EndProject
Project("{9A19103F-16F7-4668-BE54-9A1E7A4F7556}") = "db", "db\db.csproj", "{75D562A1-8928-43CC-B037-44591C8790A4}"
EndProject
Project("{9A19103F-16F7-4668-BE54-9A1E7A4F7556}") = "cli", "cli\cli.csproj", "{EC3C0080-E5E8-48B1-B662-9DB4A9273E73}"
EndProject
Global
	GlobalSection(SolutionConfigurationPlatforms) = preSolution
		Debug|Any CPU = Debug|Any CPU
		Release|Any CPU = Release|Any CPU
	EndGlobalSection
	GlobalSection(ProjectConfigurationPlatforms) = postSolution
		{43CD49D0-8BD5-4A21-BA17-2EF7233768BE}.Debug|Any CPU.ActiveCfg = Debug|Any CPU
		{43CD49D0-8BD5-4A21-BA17-2EF7233768BE}.Debug|Any CPU.Build.0 = Debug|Any CPU
		{43CD49D0-8BD5-4A21-BA17-2EF7233768BE}.Release|Any CPU.ActiveCfg = Release|Any CPU
		{43CD49D0-8BD5-4A21-BA17-2EF7233768BE}.Release|Any CPU.Build.0 = Release|Any CPU
		{75D562A1-8928-43CC-B037-44591C8790A4}.Debug|Any CPU.ActiveCfg = Debug|Any CPU
		{75D562A1-8928-43CC-B037-44591C8790A4}.Debug|Any CPU.Build.0 = Debug|Any CPU
		{75D562A1-8928-43CC-B037-44591C8790A4}.Release|Any CPU.ActiveCfg = Release|Any CPU
		{75D562A1-8928-43CC-B037-44591C8790A4}.Release|Any CPU.Build.0 = Release|Any CPU
		{EC3C0080-E5E8-48B1-B662-9DB4A9273E73}.Debug|Any CPU.ActiveCfg = Debug|Any CPU
		{EC3C0080-E5E8-48B1-B662-9DB4A9273E73}.Debug|Any CPU.Build.0 = Debug|Any CPU
		{EC3C0080-E5E8-48B1-B662-9DB4A9273E73}.Release|Any CPU.ActiveCfg = Release|Any CPU
		{EC3C0080-E5E8-48B1-B662-9DB4A9273E73}.Release|Any CPU.Build.0 = Release|Any CPU
	EndGlobalSection
	GlobalSection(SolutionProperties) = preSolution
		HideSolutionNode = FALSE
	EndGlobalSection
	GlobalSection(ExtensibilityGlobals) = postSolution
		SolutionGuid = {C8DC871D-B1CD-4E66-A369-C565C8A8AA64}
	EndGlobalSection
EndGlobal
